
Microsoft Visual Studio Solution File, Format Version 12.00
# Visual Studio Version 17
VisualStudioVersion = 17.8.34525.116
MinimumVisualStudioVersion = 10.0.40219.1
Project("{FAE04EC0-301F-11D3-BF4B-00C04F79EFBC}") = "KhumaloCraft", "KhumaloCraft.csproj", "{CA877A4F-D277-4336-9F49-E9BE203E1CD9}"
EndProject
Global
	GlobalSection(SolutionConfigurationPlatforms) = preSolution
		Debug|Any CPU = Debug|Any CPU
		Release|Any CPU = Release|Any CPU
	EndGlobalSection
	GlobalSection(ProjectConfigurationPlatforms) = postSolution
		{CA877A4F-D277-4336-9F49-E9BE203E1CD9}.Debug|Any CPU.ActiveCfg = Debug|Any CPU
		{CA877A4F-D277-4336-9F49-E9BE203E1CD9}.Debug|Any CPU.Build.0 = Debug|Any CPU
		{CA877A4F-D277-4336-9F49-E9BE203E1CD9}.Release|Any CPU.ActiveCfg = Release|Any CPU
		{CA877A4F-D277-4336-9F49-E9BE203E1CD9}.Release|Any CPU.Build.0 = Release|Any CPU
	EndGlobalSection
	GlobalSection(SolutionProperties) = preSolution
		HideSolutionNode = FALSE
	EndGlobalSection
	GlobalSection(ExtensibilityGlobals) = postSolution
		SolutionGuid = {37367E56-BD23-4AD1-A6E6-EC7AAE478475}
	EndGlobalSection
EndGlobal
